
Microsoft Visual Studio Solution File, Format Version 12.00
# Visual Studio Version 16
VisualStudioVersion = 16.0.36227.6
MinimumVisualStudioVersion = 10.0.40219.1
Project("{54435603-DBB4-11D2-8724-00A0C9A8B90C}") = "BasicWebcam Setup", "BasicWebcam Setup.vdproj", "{81258C4A-61D8-420F-8D46-00D66EC14AA4}"
EndProject
Global
	GlobalSection(SolutionConfigurationPlatforms) = preSolution
		Debug|Default = Debug|Default
		Release|Default = Release|Default
	EndGlobalSection
	GlobalSection(ProjectConfigurationPlatforms) = postSolution
		{81258C4A-61D8-420F-8D46-00D66EC14AA4}.Debug|Default.ActiveCfg = Debug
		{81258C4A-61D8-420F-8D46-00D66EC14AA4}.Debug|Default.Build.0 = Debug
		{81258C4A-61D8-420F-8D46-00D66EC14AA4}.Release|Default.ActiveCfg = Release
		{81258C4A-61D8-420F-8D46-00D66EC14AA4}.Release|Default.Build.0 = Release
	EndGlobalSection
	GlobalSection(SolutionProperties) = preSolution
		HideSolutionNode = FALSE
	EndGlobalSection
	GlobalSection(ExtensibilityGlobals) = postSolution
		SolutionGuid = {D2544829-C350-4DC8-BB13-8959235FA2A4}
	EndGlobalSection
EndGlobal
